// !$*UTF8*$!
{
	archiveVersion = 1;
	classes = {
	};
	objectVersion = 56;
	objects = {

/* Begin PBXBuildFile section */
		B65B33F62A785053008797AF /* ToDoListApp.swift in Sources */ = {isa = PBXBuildFile; fileRef = B65B33F52A785053008797AF /* ToDoListApp.swift */; };
		B65B33F82A785053008797AF /* MainView.swift in Sources */ = {isa = PBXBuildFile; fileRef = B65B33F72A785053008797AF /* MainView.swift */; };
		B65B33FA2A785055008797AF /* Assets.xcassets in Resources */ = {isa = PBXBuildFile; fileRef = B65B33F92A785055008797AF /* Assets.xcassets */; };
		B65B33FD2A785055008797AF /* Preview Assets.xcassets in Resources */ = {isa = PBXBuildFile; fileRef = B65B33FC2A785055008797AF /* Preview Assets.xcassets */; };
		B6D154A42A81BD22004EFA06 /* HeaderView.swift in Sources */ = {isa = PBXBuildFile; fileRef = B6D154A32A81BD22004EFA06 /* HeaderView.swift */; };
		B6DFF8582A86F58000337791 /* TLButton.swift in Sources */ = {isa = PBXBuildFile; fileRef = B6DFF8572A86F58000337791 /* TLButton.swift */; };
		B6F0ED0E2A8825970091C72C /* Extensions.swift in Sources */ = {isa = PBXBuildFile; fileRef = B6F0ED0D2A8825970091C72C /* Extensions.swift */; };
		B6FD9AF52A81952A00ADAA09 /* GoogleService-Info.plist in Resources */ = {isa = PBXBuildFile; fileRef = B6FD9AF42A81952A00ADAA09 /* GoogleService-Info.plist */; };
		B6FD9AF82A81974900ADAA09 /* FirebaseAuth in Frameworks */ = {isa = PBXBuildFile; productRef = B6FD9AF72A81974900ADAA09 /* FirebaseAuth */; };
		B6FD9AFA2A81974900ADAA09 /* FirebaseFirestore in Frameworks */ = {isa = PBXBuildFile; productRef = B6FD9AF92A81974900ADAA09 /* FirebaseFirestore */; };
		B6FD9AFC2A81974900ADAA09 /* FirebaseFirestoreSwift in Frameworks */ = {isa = PBXBuildFile; productRef = B6FD9AFB2A81974900ADAA09 /* FirebaseFirestoreSwift */; };
		B6FD9B042A81A57F00ADAA09 /* ProfileView.swift in Sources */ = {isa = PBXBuildFile; fileRef = B6FD9B032A81A57F00ADAA09 /* ProfileView.swift */; };
		B6FD9B062A81A5E800ADAA09 /* ToDoListView.swift in Sources */ = {isa = PBXBuildFile; fileRef = B6FD9B052A81A5E800ADAA09 /* ToDoListView.swift */; };
		B6FD9B082A81A64900ADAA09 /* NewItemView.swift in Sources */ = {isa = PBXBuildFile; fileRef = B6FD9B072A81A64900ADAA09 /* NewItemView.swift */; };
		B6FD9B0A2A81A69B00ADAA09 /* LoginView.swift in Sources */ = {isa = PBXBuildFile; fileRef = B6FD9B092A81A69B00ADAA09 /* LoginView.swift */; };
		B6FD9B0C2A81A71600ADAA09 /* RegisterView.swift in Sources */ = {isa = PBXBuildFile; fileRef = B6FD9B0B2A81A71600ADAA09 /* RegisterView.swift */; };
		B6FD9B0E2A81A78400ADAA09 /* ToDoListItemView.swift in Sources */ = {isa = PBXBuildFile; fileRef = B6FD9B0D2A81A78400ADAA09 /* ToDoListItemView.swift */; };
		B6FD9B102A81A86200ADAA09 /* User.swift in Sources */ = {isa = PBXBuildFile; fileRef = B6FD9B0F2A81A86200ADAA09 /* User.swift */; };
		B6FD9B122A81A89A00ADAA09 /* ToDoListItem.swift in Sources */ = {isa = PBXBuildFile; fileRef = B6FD9B112A81A89A00ADAA09 /* ToDoListItem.swift */; };
		B6FD9B142A81A91800ADAA09 /* MainViewViewModel.swift in Sources */ = {isa = PBXBuildFile; fileRef = B6FD9B132A81A91800ADAA09 /* MainViewViewModel.swift */; };
		B6FD9B162A81A9B100ADAA09 /* ProfileViewViewModel.swift in Sources */ = {isa = PBXBuildFile; fileRef = B6FD9B152A81A9B100ADAA09 /* ProfileViewViewModel.swift */; };
		B6FD9B182A81AA5900ADAA09 /* ToDoListViewViewModel.swift in Sources */ = {isa = PBXBuildFile; fileRef = B6FD9B172A81AA5900ADAA09 /* ToDoListViewViewModel.swift */; };
		B6FD9B1A2A81AB0300ADAA09 /* NewItemViewViewModel.swift in Sources */ = {isa = PBXBuildFile; fileRef = B6FD9B192A81AB0300ADAA09 /* NewItemViewViewModel.swift */; };
		B6FD9B1C2A81AB6200ADAA09 /* LoginViewViewModel.swift in Sources */ = {isa = PBXBuildFile; fileRef = B6FD9B1B2A81AB6200ADAA09 /* LoginViewViewModel.swift */; };
		B6FD9B1E2A81ABB700ADAA09 /* RegisterViewViewModel.swift in Sources */ = {isa = PBXBuildFile; fileRef = B6FD9B1D2A81ABB700ADAA09 /* RegisterViewViewModel.swift */; };
		B6FD9B202A81AC3800ADAA09 /* ToDoListItemViewViewModel.swift in Sources */ = {isa = PBXBuildFile; fileRef = B6FD9B1F2A81AC3800ADAA09 /* ToDoListItemViewViewModel.swift */; };
/* End PBXBuildFile section */

/* Begin PBXFileReference section */
		B65B33F22A785053008797AF /* ToDoList.app */ = {isa = PBXFileReference; explicitFileType = wrapper.application; includeInIndex = 0; path = ToDoList.app; sourceTree = BUILT_PRODUCTS_DIR; };
		B65B33F52A785053008797AF /* ToDoListApp.swift */ = {isa = PBXFileReference; lastKnownFileType = sourcecode.swift; path = ToDoListApp.swift; sourceTree = "<group>"; };
		B65B33F72A785053008797AF /* MainView.swift */ = {isa = PBXFileReference; lastKnownFileType = sourcecode.swift; path = MainView.swift; sourceTree = "<group>"; };
		B65B33F92A785055008797AF /* Assets.xcassets */ = {isa = PBXFileReference; lastKnownFileType = folder.assetcatalog; path = Assets.xcassets; sourceTree = "<group>"; };
		B65B33FC2A785055008797AF /* Preview Assets.xcassets */ = {isa = PBXFileReference; lastKnownFileType = folder.assetcatalog; path = "Preview Assets.xcassets"; sourceTree = "<group>"; };
		B6D154A32A81BD22004EFA06 /* HeaderView.swift */ = {isa = PBXFileReference; lastKnownFileType = sourcecode.swift; path = HeaderView.swift; sourceTree = "<group>"; };
		B6DFF8572A86F58000337791 /* TLButton.swift */ = {isa = PBXFileReference; lastKnownFileType = sourcecode.swift; path = TLButton.swift; sourceTree = "<group>"; };
		B6F0ED0D2A8825970091C72C /* Extensions.swift */ = {isa = PBXFileReference; lastKnownFileType = sourcecode.swift; path = Extensions.swift; sourceTree = "<group>"; };
		B6FD9AF42A81952A00ADAA09 /* GoogleService-Info.plist */ = {isa = PBXFileReference; fileEncoding = 4; lastKnownFileType = text.plist.xml; path = "GoogleService-Info.plist"; sourceTree = "<group>"; };
		B6FD9B032A81A57F00ADAA09 /* ProfileView.swift */ = {isa = PBXFileReference; lastKnownFileType = sourcecode.swift; path = ProfileView.swift; sourceTree = "<group>"; };
		B6FD9B052A81A5E800ADAA09 /* ToDoListView.swift */ = {isa = PBXFileReference; lastKnownFileType = sourcecode.swift; path = ToDoListView.swift; sourceTree = "<group>"; };
		B6FD9B072A81A64900ADAA09 /* NewItemView.swift */ = {isa = PBXFileReference; lastKnownFileType = sourcecode.swift; path = NewItemView.swift; sourceTree = "<group>"; };
		B6FD9B092A81A69B00ADAA09 /* LoginView.swift */ = {isa = PBXFileReference; lastKnownFileType = sourcecode.swift; path = LoginView.swift; sourceTree = "<group>"; };
		B6FD9B0B2A81A71600ADAA09 /* RegisterView.swift */ = {isa = PBXFileReference; lastKnownFileType = sourcecode.swift; path = RegisterView.swift; sourceTree = "<group>"; };
		B6FD9B0D2A81A78400ADAA09 /* ToDoListItemView.swift */ = {isa = PBXFileReference; lastKnownFileType = sourcecode.swift; path = ToDoListItemView.swift; sourceTree = "<group>"; };
		B6FD9B0F2A81A86200ADAA09 /* User.swift */ = {isa = PBXFileReference; lastKnownFileType = sourcecode.swift; path = User.swift; sourceTree = "<group>"; };
		B6FD9B112A81A89A00ADAA09 /* ToDoListItem.swift */ = {isa = PBXFileReference; lastKnownFileType = sourcecode.swift; path = ToDoListItem.swift; sourceTree = "<group>"; };
		B6FD9B132A81A91800ADAA09 /* MainViewViewModel.swift */ = {isa = PBXFileReference; lastKnownFileType = sourcecode.swift; path = MainViewViewModel.swift; sourceTree = "<group>"; };
		B6FD9B152A81A9B100ADAA09 /* ProfileViewViewModel.swift */ = {isa = PBXFileReference; lastKnownFileType = sourcecode.swift; path = ProfileViewViewModel.swift; sourceTree = "<group>"; };
		B6FD9B172A81AA5900ADAA09 /* ToDoListViewViewModel.swift */ = {isa = PBXFileReference; lastKnownFileType = sourcecode.swift; path = ToDoListViewViewModel.swift; sourceTree = "<group>"; };
		B6FD9B192A81AB0300ADAA09 /* NewItemViewViewModel.swift */ = {isa = PBXFileReference; lastKnownFileType = sourcecode.swift; path = NewItemViewViewModel.swift; sourceTree = "<group>"; };
		B6FD9B1B2A81AB6200ADAA09 /* LoginViewViewModel.swift */ = {isa = PBXFileReference; lastKnownFileType = sourcecode.swift; path = LoginViewViewModel.swift; sourceTree = "<group>"; };
		B6FD9B1D2A81ABB700ADAA09 /* RegisterViewViewModel.swift */ = {isa = PBXFileReference; lastKnownFileType = sourcecode.swift; path = RegisterViewViewModel.swift; sourceTree = "<group>"; };
		B6FD9B1F2A81AC3800ADAA09 /* ToDoListItemViewViewModel.swift */ = {isa = PBXFileReference; lastKnownFileType = sourcecode.swift; path = ToDoListItemViewViewModel.swift; sourceTree = "<group>"; };
/* End PBXFileReference section */

/* Begin PBXFrameworksBuildPhase section */
		B65B33EF2A785053008797AF /* Frameworks */ = {
			isa = PBXFrameworksBuildPhase;
			buildActionMask = 2147483647;
			files = (
				B6FD9AF82A81974900ADAA09 /* FirebaseAuth in Frameworks */,
				B6FD9AFA2A81974900ADAA09 /* FirebaseFirestore in Frameworks */,
				B6FD9AFC2A81974900ADAA09 /* FirebaseFirestoreSwift in Frameworks */,
			);
			runOnlyForDeploymentPostprocessing = 0;
		};
/* End PBXFrameworksBuildPhase section */

/* Begin PBXGroup section */
		B65B33E92A785053008797AF = {
			isa = PBXGroup;
			children = (
				B65B33F42A785053008797AF /* ToDoList */,
				B65B33F32A785053008797AF /* Products */,
			);
			sourceTree = "<group>";
		};
		B65B33F32A785053008797AF /* Products */ = {
			isa = PBXGroup;
			children = (
				B65B33F22A785053008797AF /* ToDoList.app */,
			);
			name = Products;
			sourceTree = "<group>";
		};
		B65B33F42A785053008797AF /* ToDoList */ = {
			isa = PBXGroup;
			children = (
				B6FD9B022A819DFA00ADAA09 /* Other */,
				B6FD9B002A819DC000ADAA09 /* Models */,
				B6FD9AFE2A819D7900ADAA09 /* ViewModels */,
				B6FD9AFD2A819D4300ADAA09 /* Views */,
				B65B33FB2A785055008797AF /* Preview Content */,
			);
			path = ToDoList;
			sourceTree = "<group>";
		};
		B65B33FB2A785055008797AF /* Preview Content */ = {
			isa = PBXGroup;
			children = (
				B65B33FC2A785055008797AF /* Preview Assets.xcassets */,
			);
			path = "Preview Content";
			sourceTree = "<group>";
		};
		B6FD9AFD2A819D4300ADAA09 /* Views */ = {
			isa = PBXGroup;
			children = (
				B65B33F72A785053008797AF /* MainView.swift */,
				B6FD9B032A81A57F00ADAA09 /* ProfileView.swift */,
				B6FD9B052A81A5E800ADAA09 /* ToDoListView.swift */,
				B6FD9B0D2A81A78400ADAA09 /* ToDoListItemView.swift */,
				B6FD9B072A81A64900ADAA09 /* NewItemView.swift */,
				B6FD9B092A81A69B00ADAA09 /* LoginView.swift */,
				B6FD9B0B2A81A71600ADAA09 /* RegisterView.swift */,
				B6D154A32A81BD22004EFA06 /* HeaderView.swift */,
				B6DFF8572A86F58000337791 /* TLButton.swift */,
			);
			path = Views;
			sourceTree = "<group>";
		};
		B6FD9AFE2A819D7900ADAA09 /* ViewModels */ = {
			isa = PBXGroup;
			children = (
				B6FD9B132A81A91800ADAA09 /* MainViewViewModel.swift */,
				B6FD9B152A81A9B100ADAA09 /* ProfileViewViewModel.swift */,
				B6FD9B1F2A81AC3800ADAA09 /* ToDoListItemViewViewModel.swift */,
				B6FD9B192A81AB0300ADAA09 /* NewItemViewViewModel.swift */,
				B6FD9B1B2A81AB6200ADAA09 /* LoginViewViewModel.swift */,
				B6FD9B1D2A81ABB700ADAA09 /* RegisterViewViewModel.swift */,
				B6FD9B172A81AA5900ADAA09 /* ToDoListViewViewModel.swift */,
			);
			path = ViewModels;
			sourceTree = "<group>";
		};
		B6FD9B002A819DC000ADAA09 /* Models */ = {
			isa = PBXGroup;
			children = (
				B6FD9B0F2A81A86200ADAA09 /* User.swift */,
				B6FD9B112A81A89A00ADAA09 /* ToDoListItem.swift */,
			);
			path = Models;
			sourceTree = "<group>";
		};
		B6FD9B022A819DFA00ADAA09 /* Other */ = {
			isa = PBXGroup;
			children = (
				B65B33F92A785055008797AF /* Assets.xcassets */,
				B6FD9AF42A81952A00ADAA09 /* GoogleService-Info.plist */,
				B65B33F52A785053008797AF /* ToDoListApp.swift */,
				B6F0ED0D2A8825970091C72C /* Extensions.swift */,
			);
			path = Other;
			sourceTree = "<group>";
		};
/* End PBXGroup section */

/* Begin PBXNativeTarget section */
		B65B33F12A785053008797AF /* ToDoList */ = {
			isa = PBXNativeTarget;
			buildConfigurationList = B65B34002A785055008797AF /* Build configuration list for PBXNativeTarget "ToDoList" */;
			buildPhases = (
				B65B33EE2A785053008797AF /* Sources */,
				B65B33EF2A785053008797AF /* Frameworks */,
				B65B33F02A785053008797AF /* Resources */,
			);
			buildRules = (
			);
			dependencies = (
			);
			name = ToDoList;
			packageProductDependencies = (
				B6FD9AF72A81974900ADAA09 /* FirebaseAuth */,
				B6FD9AF92A81974900ADAA09 /* FirebaseFirestore */,
				B6FD9AFB2A81974900ADAA09 /* FirebaseFirestoreSwift */,
			);
			productName = ToDoList;
			productReference = B65B33F22A785053008797AF /* ToDoList.app */;
			productType = "com.apple.product-type.application";
		};
/* End PBXNativeTarget section */

/* Begin PBXProject section */
		B65B33EA2A785053008797AF /* Project object */ = {
			isa = PBXProject;
			attributes = {
				BuildIndependentTargetsInParallel = 1;
				LastSwiftUpdateCheck = 1430;
				LastUpgradeCheck = 1430;
				TargetAttributes = {
					B65B33F12A785053008797AF = {
						CreatedOnToolsVersion = 14.3.1;
					};
				};
			};
			buildConfigurationList = B65B33ED2A785053008797AF /* Build configuration list for PBXProject "ToDoList" */;
			compatibilityVersion = "Xcode 14.0";
			developmentRegion = en;
			hasScannedForEncodings = 0;
			knownRegions = (
				en,
				Base,
			);
			mainGroup = B65B33E92A785053008797AF;
			packageReferences = (
				B6FD9AF62A81974900ADAA09 /* XCRemoteSwiftPackageReference "firebase-ios-sdk" */,
			);
			productRefGroup = B65B33F32A785053008797AF /* Products */;
			projectDirPath = "";
			projectRoot = "";
			targets = (
				B65B33F12A785053008797AF /* ToDoList */,
			);
		};
/* End PBXProject section */

/* Begin PBXResourcesBuildPhase section */
		B65B33F02A785053008797AF /* Resources */ = {
			isa = PBXResourcesBuildPhase;
			buildActionMask = 2147483647;
			files = (
				B65B33FD2A785055008797AF /* Preview Assets.xcassets in Resources */,
				B65B33FA2A785055008797AF /* Assets.xcassets in Resources */,
				B6FD9AF52A81952A00ADAA09 /* GoogleService-Info.plist in Resources */,
			);
			runOnlyForDeploymentPostprocessing = 0;
		};
/* End PBXResourcesBuildPhase section */

/* Begin PBXSourcesBuildPhase section */
		B65B33EE2A785053008797AF /* Sources */ = {
			isa = PBXSourcesBuildPhase;
			buildActionMask = 2147483647;
			files = (
				B6FD9B0A2A81A69B00ADAA09 /* LoginView.swift in Sources */,
				B6D154A42A81BD22004EFA06 /* HeaderView.swift in Sources */,
				B65B33F82A785053008797AF /* MainView.swift in Sources */,
				B6FD9B1E2A81ABB700ADAA09 /* RegisterViewViewModel.swift in Sources */,
				B6FD9B142A81A91800ADAA09 /* MainViewViewModel.swift in Sources */,
				B6FD9B062A81A5E800ADAA09 /* ToDoListView.swift in Sources */,
				B6FD9B0C2A81A71600ADAA09 /* RegisterView.swift in Sources */,
				B6DFF8582A86F58000337791 /* TLButton.swift in Sources */,
				B6FD9B162A81A9B100ADAA09 /* ProfileViewViewModel.swift in Sources */,
				B6FD9B042A81A57F00ADAA09 /* ProfileView.swift in Sources */,
				B6FD9B102A81A86200ADAA09 /* User.swift in Sources */,
				B6FD9B0E2A81A78400ADAA09 /* ToDoListItemView.swift in Sources */,
				B6FD9B182A81AA5900ADAA09 /* ToDoListViewViewModel.swift in Sources */,
				B6FD9B1C2A81AB6200ADAA09 /* LoginViewViewModel.swift in Sources */,
				B65B33F62A785053008797AF /* ToDoListApp.swift in Sources */,
				B6F0ED0E2A8825970091C72C /* Extensions.swift in Sources */,
				B6FD9B122A81A89A00ADAA09 /* ToDoListItem.swift in Sources */,
				B6FD9B082A81A64900ADAA09 /* NewItemView.swift in Sources */,
				B6FD9B1A2A81AB0300ADAA09 /* NewItemViewViewModel.swift in Sources */,
				B6FD9B202A81AC3800ADAA09 /* ToDoListItemViewViewModel.swift in Sources */,
			);
			runOnlyForDeploymentPostprocessing = 0;
		};
/* End PBXSourcesBuildPhase section */

/* Begin XCBuildConfiguration section */
		B65B33FE2A785055008797AF /* Debug */ = {
			isa = XCBuildConfiguration;
			buildSettings = {
				ALWAYS_SEARCH_USER_PATHS = NO;
				CLANG_ANALYZER_NONNULL = YES;
				CLANG_ANALYZER_NUMBER_OBJECT_CONVERSION = YES_AGGRESSIVE;
				CLANG_CXX_LANGUAGE_STANDARD = "gnu++20";
				CLANG_ENABLE_MODULES = YES;
				CLANG_ENABLE_OBJC_ARC = YES;
				CLANG_ENABLE_OBJC_WEAK = YES;
				CLANG_WARN_BLOCK_CAPTURE_AUTORELEASING = YES;
				CLANG_WARN_BOOL_CONVERSION = YES;
				CLANG_WARN_COMMA = YES;
				CLANG_WARN_CONSTANT_CONVERSION = YES;
				CLANG_WARN_DEPRECATED_OBJC_IMPLEMENTATIONS = YES;
				CLANG_WARN_DIRECT_OBJC_ISA_USAGE = YES_ERROR;
				CLANG_WARN_DOCUMENTATION_COMMENTS = YES;
				CLANG_WARN_EMPTY_BODY = YES;
				CLANG_WARN_ENUM_CONVERSION = YES;
				CLANG_WARN_INFINITE_RECURSION = YES;
				CLANG_WARN_INT_CONVERSION = YES;
				CLANG_WARN_NON_LITERAL_NULL_CONVERSION = YES;
				CLANG_WARN_OBJC_IMPLICIT_RETAIN_SELF = YES;
				CLANG_WARN_OBJC_LITERAL_CONVERSION = YES;
				CLANG_WARN_OBJC_ROOT_CLASS = YES_ERROR;
				CLANG_WARN_QUOTED_INCLUDE_IN_FRAMEWORK_HEADER = YES;
				CLANG_WARN_RANGE_LOOP_ANALYSIS = YES;
				CLANG_WARN_STRICT_PROTOTYPES = YES;
				CLANG_WARN_SUSPICIOUS_MOVE = YES;
				CLANG_WARN_UNGUARDED_AVAILABILITY = YES_AGGRESSIVE;
				CLANG_WARN_UNREACHABLE_CODE = YES;
				CLANG_WARN__DUPLICATE_METHOD_MATCH = YES;
				COPY_PHASE_STRIP = NO;
				DEBUG_INFORMATION_FORMAT = dwarf;
				ENABLE_STRICT_OBJC_MSGSEND = YES;
				ENABLE_TESTABILITY = YES;
				GCC_C_LANGUAGE_STANDARD = gnu11;
				GCC_DYNAMIC_NO_PIC = NO;
				GCC_NO_COMMON_BLOCKS = YES;
				GCC_OPTIMIZATION_LEVEL = 0;
				GCC_PREPROCESSOR_DEFINITIONS = (
					"DEBUG=1",
					"$(inherited)",
				);
				GCC_WARN_64_TO_32_BIT_CONVERSION = YES;
				GCC_WARN_ABOUT_RETURN_TYPE = YES_ERROR;
				GCC_WARN_UNDECLARED_SELECTOR = YES;
				GCC_WARN_UNINITIALIZED_AUTOS = YES_AGGRESSIVE;
				GCC_WARN_UNUSED_FUNCTION = YES;
				GCC_WARN_UNUSED_VARIABLE = YES;
				IPHONEOS_DEPLOYMENT_TARGET = 16.4;
				MTL_ENABLE_DEBUG_INFO = INCLUDE_SOURCE;
				MTL_FAST_MATH = YES;
				ONLY_ACTIVE_ARCH = YES;
				SDKROOT = iphoneos;
				SWIFT_ACTIVE_COMPILATION_CONDITIONS = DEBUG;
				SWIFT_OPTIMIZATION_LEVEL = "-Onone";
			};
			name = Debug;
		};
		B65B33FF2A785055008797AF /* Release */ = {
			isa = XCBuildConfiguration;
			buildSettings = {
				ALWAYS_SEARCH_USER_PATHS = NO;
				CLANG_ANALYZER_NONNULL = YES;
				CLANG_ANALYZER_NUMBER_OBJECT_CONVERSION = YES_AGGRESSIVE;
				CLANG_CXX_LANGUAGE_STANDARD = "gnu++20";
				CLANG_ENABLE_MODULES = YES;
				CLANG_ENABLE_OBJC_ARC = YES;
				CLANG_ENABLE_OBJC_WEAK = YES;
				CLANG_WARN_BLOCK_CAPTURE_AUTORELEASING = YES;
				CLANG_WARN_BOOL_CONVERSION = YES;
				CLANG_WARN_COMMA = YES;
				CLANG_WARN_CONSTANT_CONVERSION = YES;
				CLANG_WARN_DEPRECATED_OBJC_IMPLEMENTATIONS = YES;
				CLANG_WARN_DIRECT_OBJC_ISA_USAGE = YES_ERROR;
				CLANG_WARN_DOCUMENTATION_COMMENTS = YES;
				CLANG_WARN_EMPTY_BODY = YES;
				CLANG_WARN_ENUM_CONVERSION = YES;
				CLANG_WARN_INFINITE_RECURSION = YES;
				CLANG_WARN_INT_CONVERSION = YES;
				CLANG_WARN_NON_LITERAL_NULL_CONVERSION = YES;
				CLANG_WARN_OBJC_IMPLICIT_RETAIN_SELF = YES;
				CLANG_WARN_OBJC_LITERAL_CONVERSION = YES;
				CLANG_WARN_OBJC_ROOT_CLASS = YES_ERROR;
				CLANG_WARN_QUOTED_INCLUDE_IN_FRAMEWORK_HEADER = YES;
				CLANG_WARN_RANGE_LOOP_ANALYSIS = YES;
				CLANG_WARN_STRICT_PROTOTYPES = YES;
				CLANG_WARN_SUSPICIOUS_MOVE = YES;
				CLANG_WARN_UNGUARDED_AVAILABILITY = YES_AGGRESSIVE;
				CLANG_WARN_UNREACHABLE_CODE = YES;
				CLANG_WARN__DUPLICATE_METHOD_MATCH = YES;
				COPY_PHASE_STRIP = NO;
				DEBUG_INFORMATION_FORMAT = "dwarf-with-dsym";
				ENABLE_NS_ASSERTIONS = NO;
				ENABLE_STRICT_OBJC_MSGSEND = YES;
				GCC_C_LANGUAGE_STANDARD = gnu11;
				GCC_NO_COMMON_BLOCKS = YES;
				GCC_WARN_64_TO_32_BIT_CONVERSION = YES;
				GCC_WARN_ABOUT_RETURN_TYPE = YES_ERROR;
				GCC_WARN_UNDECLARED_SELECTOR = YES;
				GCC_WARN_UNINITIALIZED_AUTOS = YES_AGGRESSIVE;
				GCC_WARN_UNUSED_FUNCTION = YES;
				GCC_WARN_UNUSED_VARIABLE = YES;
				IPHONEOS_DEPLOYMENT_TARGET = 16.4;
				MTL_ENABLE_DEBUG_INFO = NO;
				MTL_FAST_MATH = YES;
				SDKROOT = iphoneos;
				SWIFT_COMPILATION_MODE = wholemodule;
				SWIFT_OPTIMIZATION_LEVEL = "-O";
				VALIDATE_PRODUCT = YES;
			};
			name = Release;
		};
		B65B34012A785055008797AF /* Debug */ = {
			isa = XCBuildConfiguration;
			buildSettings = {
				ASSETCATALOG_COMPILER_APPICON_NAME = AppIcon;
				ASSETCATALOG_COMPILER_GLOBAL_ACCENT_COLOR_NAME = AccentColor;
				CODE_SIGN_STYLE = Automatic;
				CURRENT_PROJECT_VERSION = 1;
				DEVELOPMENT_ASSET_PATHS = "\"ToDoList/Preview Content\"";
				ENABLE_PREVIEWS = YES;
				GENERATE_INFOPLIST_FILE = YES;
				INFOPLIST_KEY_CFBundleDisplayName = "To Do List";
				INFOPLIST_KEY_UIApplicationSceneManifest_Generation = YES;
				INFOPLIST_KEY_UIApplicationSupportsIndirectInputEvents = YES;
				INFOPLIST_KEY_UILaunchScreen_Generation = YES;
				INFOPLIST_KEY_UISupportedInterfaceOrientations = UIInterfaceOrientationPortrait;
				LD_RUNPATH_SEARCH_PATHS = (
					"$(inherited)",
					"@executable_path/Frameworks",
				);
				MARKETING_VERSION = 1.0;
				PRODUCT_BUNDLE_IDENTIFIER = com.andrewleonov.ToDoList;
				PRODUCT_NAME = "$(TARGET_NAME)";
				SUPPORTED_PLATFORMS = "iphoneos iphonesimulator";
				SUPPORTS_MACCATALYST = NO;
				SUPPORTS_MAC_DESIGNED_FOR_IPHONE_IPAD = NO;
				SWIFT_EMIT_LOC_STRINGS = YES;
				SWIFT_VERSION = 5.0;
				TARGETED_DEVICE_FAMILY = "1,2";
			};
			name = Debug;
		};
		B65B34022A785055008797AF /* Release */ = {
			isa = XCBuildConfiguration;
			buildSettings = {
				ASSETCATALOG_COMPILER_APPICON_NAME = AppIcon;
				ASSETCATALOG_COMPILER_GLOBAL_ACCENT_COLOR_NAME = AccentColor;
				CODE_SIGN_STYLE = Automatic;
				CURRENT_PROJECT_VERSION = 1;
				DEVELOPMENT_ASSET_PATHS = "\"ToDoList/Preview Content\"";
				ENABLE_PREVIEWS = YES;
				GENERATE_INFOPLIST_FILE = YES;
				INFOPLIST_KEY_CFBundleDisplayName = "To Do List";
				INFOPLIST_KEY_UIApplicationSceneManifest_Generation = YES;
				INFOPLIST_KEY_UIApplicationSupportsIndirectInputEvents = YES;
				INFOPLIST_KEY_UILaunchScreen_Generation = YES;
				INFOPLIST_KEY_UISupportedInterfaceOrientations = UIInterfaceOrientationPortrait;
				LD_RUNPATH_SEARCH_PATHS = (
					"$(inherited)",
					"@executable_path/Frameworks",
				);
				MARKETING_VERSION = 1.0;
				PRODUCT_BUNDLE_IDENTIFIER = com.andrewleonov.ToDoList;
				PRODUCT_NAME = "$(TARGET_NAME)";
				SUPPORTED_PLATFORMS = "iphoneos iphonesimulator";
				SUPPORTS_MACCATALYST = NO;
				SUPPORTS_MAC_DESIGNED_FOR_IPHONE_IPAD = NO;
				SWIFT_EMIT_LOC_STRINGS = YES;
				SWIFT_VERSION = 5.0;
				TARGETED_DEVICE_FAMILY = "1,2";
			};
			name = Release;
		};
/* End XCBuildConfiguration section */

/* Begin XCConfigurationList section */
		B65B33ED2A785053008797AF /* Build configuration list for PBXProject "ToDoList" */ = {
			isa = XCConfigurationList;
			buildConfigurations = (
				B65B33FE2A785055008797AF /* Debug */,
				B65B33FF2A785055008797AF /* Release */,
			);
			defaultConfigurationIsVisible = 0;
			defaultConfigurationName = Release;
		};
		B65B34002A785055008797AF /* Build configuration list for PBXNativeTarget "ToDoList" */ = {
			isa = XCConfigurationList;
			buildConfigurations = (
				B65B34012A785055008797AF /* Debug */,
				B65B34022A785055008797AF /* Release */,
			);
			defaultConfigurationIsVisible = 0;
			defaultConfigurationName = Release;
		};
/* End XCConfigurationList section */

/* Begin XCRemoteSwiftPackageReference section */
		B6FD9AF62A81974900ADAA09 /* XCRemoteSwiftPackageReference "firebase-ios-sdk" */ = {
			isa = XCRemoteSwiftPackageReference;
			repositoryURL = "https://github.com/firebase/firebase-ios-sdk";
			requirement = {
				kind = upToNextMajorVersion;
				minimumVersion = 10.0.0;
			};
		};
/* End XCRemoteSwiftPackageReference section */

/* Begin XCSwiftPackageProductDependency section */
		B6FD9AF72A81974900ADAA09 /* FirebaseAuth */ = {
			isa = XCSwiftPackageProductDependency;
			package = B6FD9AF62A81974900ADAA09 /* XCRemoteSwiftPackageReference "firebase-ios-sdk" */;
			productName = FirebaseAuth;
		};
		B6FD9AF92A81974900ADAA09 /* FirebaseFirestore */ = {
			isa = XCSwiftPackageProductDependency;
			package = B6FD9AF62A81974900ADAA09 /* XCRemoteSwiftPackageReference "firebase-ios-sdk" */;
			productName = FirebaseFirestore;
		};
		B6FD9AFB2A81974900ADAA09 /* FirebaseFirestoreSwift */ = {
			isa = XCSwiftPackageProductDependency;
			package = B6FD9AF62A81974900ADAA09 /* XCRemoteSwiftPackageReference "firebase-ios-sdk" */;
			productName = FirebaseFirestoreSwift;
		};
/* End XCSwiftPackageProductDependency section */
	};
	rootObject = B65B33EA2A785053008797AF /* Project object */;
}
